
Microsoft Visual Studio Solution File, Format Version 12.00
# Visual Studio Version 17
VisualStudioVersion = 17.10.35122.118
MinimumVisualStudioVersion = 10.0.40219.1
Project("{FAE04EC0-301F-11D3-BF4B-00C04F79EFBC}") = "PokedexMVC", "PokedexMVC\PokedexMVC.csproj", "{6A6A619E-C347-4F79-90F9-4EDF36A2315E}"
EndProject
Global
	GlobalSection(SolutionConfigurationPlatforms) = preSolution
		Debug|Any CPU = Debug|Any CPU
		Release|Any CPU = Release|Any CPU
	EndGlobalSection
	GlobalSection(ProjectConfigurationPlatforms) = postSolution
		{6A6A619E-C347-4F79-90F9-4EDF36A2315E}.Debug|Any CPU.ActiveCfg = Debug|Any CPU
		{6A6A619E-C347-4F79-90F9-4EDF36A2315E}.Debug|Any CPU.Build.0 = Debug|Any CPU
		{6A6A619E-C347-4F79-90F9-4EDF36A2315E}.Release|Any CPU.ActiveCfg = Release|Any CPU
		{6A6A619E-C347-4F79-90F9-4EDF36A2315E}.Release|Any CPU.Build.0 = Release|Any CPU
	EndGlobalSection
	GlobalSection(SolutionProperties) = preSolution
		HideSolutionNode = FALSE
	EndGlobalSection
	GlobalSection(ExtensibilityGlobals) = postSolution
		SolutionGuid = {23D5163C-336B-40DC-A422-35DB06B12165}
	EndGlobalSection
EndGlobal
